SITE
  remote: http://community.opscode.com/api/v1
  specs:
    application (2.0.0)
    application_nodejs (1.0.1)
      application (>= 0.0.0)
      nodejs (>= 0.0.0)
    apt (1.9.0)
    build-essential (1.3.4)
    chef_handler (1.1.4)
    dmg (1.1.0)
    git (2.3.0)
      build-essential (>= 0.0.0)
      dmg (>= 0.0.0)
      runit (~> 1.0)
      windows (>= 0.0.0)
      yum (>= 0.0.0)
    mongodb (0.11.0)
      apt (>= 0.0.0)
    nginx (1.4.0)
      apt (>= 0.0.0)
      build-essential (>= 0.0.0)
      ohai (>= 1.1.4)
      yum (>= 0.0.0)
    nodejs (1.1.0)
      apt (>= 0.0.0)
      build-essential (>= 0.0.0)
    ohai (1.1.8)
    runit (1.1.0)
      build-essential (>= 0.0.0)
    sudo (2.0.4)
    ubuntu (1.1.2)
      apt (>= 0.0.0)
    vslinko (0.0.2)
      git (>= 0.0.0)
      sudo (>= 0.0.0)
      zsh (>= 0.0.0)
    windows (1.8.4)
      chef_handler (>= 0.0.0)
    yum (2.1.0)
    zsh (1.0.0)

PATH
  remote: barbudos/application
  specs:
    barbudos_application (0.0.0)
      application_nodejs (>= 0.0.0)
      mongodb (>= 0.0.0)
      nginx (>= 0.0.0)

DEPENDENCIES
  apt (>= 0)
  barbudos_application (>= 0)
  ubuntu (>= 0)
  vslinko (>= 0)

